
Microsoft Visual Studio Solution File, Format Version 12.00
# Visual Studio Version 17
VisualStudioVersion = 17.10.34916.146
MinimumVisualStudioVersion = 10.0.40219.1
Project("{D2ABAB84-BF74-430A-B69E-9DC6D40DDA17}") = "EcommerceOLAP", "EcommerceOLAP\EcommerceOLAP.dwproj", "{3C4B3166-4A1D-410D-81B9-515A35A57472}"
EndProject
Global
	GlobalSection(SolutionConfigurationPlatforms) = preSolution
		Development|Default = Development|Default
	EndGlobalSection
	GlobalSection(ProjectConfigurationPlatforms) = postSolution
		{3C4B3166-4A1D-410D-81B9-515A35A57472}.Development|Default.ActiveCfg = Development
		{3C4B3166-4A1D-410D-81B9-515A35A57472}.Development|Default.Build.0 = Development
		{3C4B3166-4A1D-410D-81B9-515A35A57472}.Development|Default.Deploy.0 = Development
	EndGlobalSection
	GlobalSection(SolutionProperties) = preSolution
		HideSolutionNode = FALSE
	EndGlobalSection
	GlobalSection(ExtensibilityGlobals) = postSolution
		SolutionGuid = {AD80B858-B21D-4EC0-9D4A-6F9BB540CAEA}
	EndGlobalSection
EndGlobal
